// !$*UTF8*$!
{
	archiveVersion = 1;
	classes = {
	};
	objectVersion = 46;
	objects = {

/* Begin PBXBuildFile section */
		149E89F1150A45AA00AB1E10 /* UIKit.framework in Frameworks */ = {isa = PBXBuildFile; fileRef = 149E89F0150A45AA00AB1E10 /* UIKit.framework */; };
		149E89F3150A45AA00AB1E10 /* Foundation.framework in Frameworks */ = {isa = PBXBuildFile; fileRef = 149E89F2150A45AA00AB1E10 /* Foundation.framework */; };
		149E89F5150A45AA00AB1E10 /* CoreGraphics.framework in Frameworks */ = {isa = PBXBuildFile; fileRef = 149E89F4150A45AA00AB1E10 /* CoreGraphics.framework */; };
		149E89FB150A45AB00AB1E10 /* InfoPlist.strings in Resources */ = {isa = PBXBuildFile; fileRef = 149E89F9150A45AB00AB1E10 /* InfoPlist.strings */; };
		149E89FD150A45AB00AB1E10 /* main.m in Sources */ = {isa = PBXBuildFile; fileRef = 149E89FC150A45AB00AB1E10 /* main.m */; };
		149E8A01150A45AB00AB1E10 /* VNAppDelegate.m in Sources */ = {isa = PBXBuildFile; fileRef = 149E8A00150A45AB00AB1E10 /* VNAppDelegate.m */; };
		149E8A04150A45AB00AB1E10 /* MainStoryboard_iPhone.storyboard in Resources */ = {isa = PBXBuildFile; fileRef = 149E8A02150A45AB00AB1E10 /* MainStoryboard_iPhone.storyboard */; };
		149E8A07150A45AB00AB1E10 /* MainStoryboard_iPad.storyboard in Resources */ = {isa = PBXBuildFile; fileRef = 149E8A05150A45AB00AB1E10 /* MainStoryboard_iPad.storyboard */; };
		149E8A0A150A45AB00AB1E10 /* VNViewController.m in Sources */ = {isa = PBXBuildFile; fileRef = 149E8A09150A45AB00AB1E10 /* VNViewController.m */; };
/* End PBXBuildFile section */

/* Begin PBXFileReference section */
		149E89EC150A45AA00AB1E10 /* VoiceNavigation.app */ = {isa = PBXFileReference; explicitFileType = wrapper.application; includeInIndex = 0; path = VoiceNavigation.app; sourceTree = BUILT_PRODUCTS_DIR; };
		149E89F0150A45AA00AB1E10 /* UIKit.framework */ = {isa = PBXFileReference; lastKnownFileType = wrapper.framework; name = UIKit.framework; path = System/Library/Frameworks/UIKit.framework; sourceTree = SDKROOT; };
		149E89F2150A45AA00AB1E10 /* Foundation.framework */ = {isa = PBXFileReference; lastKnownFileType = wrapper.framework; name = Foundation.framework; path = System/Library/Frameworks/Foundation.framework; sourceTree = SDKROOT; };
		149E89F4150A45AA00AB1E10 /* CoreGraphics.framework */ = {isa = PBXFileReference; lastKnownFileType = wrapper.framework; name = CoreGraphics.framework; path = System/Library/Frameworks/CoreGraphics.framework; sourceTree = SDKROOT; };
		149E89F8150A45AB00AB1E10 /* VoiceNavigation-Info.plist */ = {isa = PBXFileReference; path = "VoiceNavigation-Info.plist"; sourceTree = "<group>"; };
		149E89FA150A45AB00AB1E10 /* en */ = {isa = PBXFileReference; lastKnownFileType = text.plist.strings; name = en; path = en.lproj/InfoPlist.strings; sourceTree = "<group>"; };
		149E89FC150A45AB00AB1E10 /* main.m */ = {isa = PBXFileReference; lastKnownFileType = sourcecode.c.objc; path = main.m; sourceTree = "<group>"; };
		149E89FE150A45AB00AB1E10 /* VoiceNavigation-Prefix.pch */ = {isa = PBXFileReference; path = "VoiceNavigation-Prefix.pch"; sourceTree = "<group>"; };
		149E89FF150A45AB00AB1E10 /* VNAppDelegate.h */ = {isa = PBXFileReference; path = VNAppDelegate.h; sourceTree = "<group>"; };
		149E8A00150A45AB00AB1E10 /* VNAppDelegate.m */ = {isa = PBXFileReference; lastKnownFileType = sourcecode.c.objc; path = VNAppDelegate.m; sourceTree = "<group>"; };
		149E8A03150A45AB00AB1E10 /* en */ = {isa = PBXFileReference; lastKnownFileType = file.storyboard; name = en; path = en.lproj/MainStoryboard_iPhone.storyboard; sourceTree = "<group>"; };
		149E8A06150A45AB00AB1E10 /* en */ = {isa = PBXFileReference; lastKnownFileType = file.storyboard; name = en; path = en.lproj/MainStoryboard_iPad.storyboard; sourceTree = "<group>"; };
		149E8A08150A45AB00AB1E10 /* VNViewController.h */ = {isa = PBXFileReference; path = VNViewController.h; sourceTree = "<group>"; };
		149E8A09150A45AB00AB1E10 /* VNViewController.m */ = {isa = PBXFileReference; lastKnownFileType = sourcecode.c.objc; path = VNViewController.m; sourceTree = "<group>"; };
/* End PBXFileReference section */

/* Begin PBXFrameworksBuildPhase section */
		149E89E9150A45AA00AB1E10 /* Frameworks */ = {
			isa = PBXFrameworksBuildPhase;
			buildActionMask = 2147483647;
			files = (
				149E89F1150A45AA00AB1E10 /* UIKit.framework in Frameworks */,
				149E89F3150A45AA00AB1E10 /* Foundation.framework in Frameworks */,
				149E89F5150A45AA00AB1E10 /* CoreGraphics.framework in Frameworks */,
			);
			runOnlyForDeploymentPostprocessing = 0;
		};
/* End PBXFrameworksBuildPhase section */

/* Begin PBXGroup section */
		149E89E1150A45A900AB1E10 = {
			isa = PBXGroup;
			children = (
				149E89F6150A45AA00AB1E10 /* VoiceNavigation */,
				149E89EF150A45AA00AB1E10 /* Frameworks */,
				149E89ED150A45AA00AB1E10 /* Products */,
			);
			sourceTree = "<group>";
		};
		149E89ED150A45AA00AB1E10 /* Products */ = {
			isa = PBXGroup;
			children = (
				149E89EC150A45AA00AB1E10 /* VoiceNavigation.app */,
			);
			name = Products;
			sourceTree = "<group>";
		};
		149E89EF150A45AA00AB1E10 /* Frameworks */ = {
			isa = PBXGroup;
			children = (
				149E89F0150A45AA00AB1E10 /* UIKit.framework */,
				149E89F2150A45AA00AB1E10 /* Foundation.framework */,
				149E89F4150A45AA00AB1E10 /* CoreGraphics.framework */,
			);
			name = Frameworks;
			sourceTree = "<group>";
		};
		149E89F6150A45AA00AB1E10 /* VoiceNavigation */ = {
			isa = PBXGroup;
			children = (
				149E89FF150A45AB00AB1E10 /* VNAppDelegate.h */,
				149E8A00150A45AB00AB1E10 /* VNAppDelegate.m */,
				149E8A02150A45AB00AB1E10 /* MainStoryboard_iPhone.storyboard */,
				149E8A05150A45AB00AB1E10 /* MainStoryboard_iPad.storyboard */,
				149E8A08150A45AB00AB1E10 /* VNViewController.h */,
				149E8A09150A45AB00AB1E10 /* VNViewController.m */,
				149E89F7150A45AB00AB1E10 /* Supporting Files */,
			);
			path = VoiceNavigation;
			sourceTree = "<group>";
		};
		149E89F7150A45AB00AB1E10 /* Supporting Files */ = {
			isa = PBXGroup;
			children = (
				149E89F8150A45AB00AB1E10 /* VoiceNavigation-Info.plist */,
				149E89F9150A45AB00AB1E10 /* InfoPlist.strings */,
				149E89FC150A45AB00AB1E10 /* main.m */,
				149E89FE150A45AB00AB1E10 /* VoiceNavigation-Prefix.pch */,
			);
			name = "Supporting Files";
			sourceTree = "<group>";
		};
/* End PBXGroup section */

/* Begin PBXNativeTarget section */
		149E89EB150A45AA00AB1E10 /* VoiceNavigation */ = {
			isa = PBXNativeTarget;
			buildConfigurationList = 149E8A0D150A45AB00AB1E10 /* Build configuration list for PBXNativeTarget "VoiceNavigation" */;
			buildPhases = (
				149E89E8150A45AA00AB1E10 /* Sources */,
				149E89E9150A45AA00AB1E10 /* Frameworks */,
				149E89EA150A45AA00AB1E10 /* Resources */,
			);
			buildRules = (
			);
			dependencies = (
			);
			name = VoiceNavigation;
			productName = VoiceNavigation;
			productReference = 149E89EC150A45AA00AB1E10 /* VoiceNavigation.app */;
			productType = "com.apple.product-type.application";
		};
/* End PBXNativeTarget section */

/* Begin PBXProject section */
		149E89E3150A45A900AB1E10 /* Project object */ = {
			isa = PBXProject;
			attributes = {
				CLASSPREFIX = VN;
				LastUpgradeCheck = 0430;
				ORGANIZATIONNAME = "Kishikawa Katsumi";
			};
			buildConfigurationList = 149E89E6150A45A900AB1E10 /* Build configuration list for PBXProject "VoiceNavigation" */;
			compatibilityVersion = "Xcode 3.2";
			developmentRegion = English;
			hasScannedForEncodings = 0;
			knownRegions = (
				en,
			);
			mainGroup = 149E89E1150A45A900AB1E10;
			productRefGroup = 149E89ED150A45AA00AB1E10 /* Products */;
			projectDirPath = "";
			projectRoot = "";
			targets = (
				149E89EB150A45AA00AB1E10 /* VoiceNavigation */,
			);
		};
/* End PBXProject section */

/* Begin PBXResourcesBuildPhase section */
		149E89EA150A45AA00AB1E10 /* Resources */ = {
			isa = PBXResourcesBuildPhase;
			buildActionMask = 2147483647;
			files = (
				149E89FB150A45AB00AB1E10 /* InfoPlist.strings in Resources */,
				149E8A04150A45AB00AB1E10 /* MainStoryboard_iPhone.storyboard in Resources */,
				149E8A07150A45AB00AB1E10 /* MainStoryboard_iPad.storyboard in Resources */,
			);
			runOnlyForDeploymentPostprocessing = 0;
		};
/* End PBXResourcesBuildPhase section */

/* Begin PBXSourcesBuildPhase section */
		149E89E8150A45AA00AB1E10 /* Sources */ = {
			isa = PBXSourcesBuildPhase;
			buildActionMask = 2147483647;
			files = (
				149E89FD150A45AB00AB1E10 /* main.m in Sources */,
				149E8A01150A45AB00AB1E10 /* VNAppDelegate.m in Sources */,
				149E8A0A150A45AB00AB1E10 /* VNViewController.m in Sources */,
			);
			runOnlyForDeploymentPostprocessing = 0;
		};
/* End PBXSourcesBuildPhase section */

/* Begin PBXVariantGroup section */
		149E89F9150A45AB00AB1E10 /* InfoPlist.strings */ = {
			isa = PBXVariantGroup;
			children = (
				149E89FA150A45AB00AB1E10 /* en */,
			);
			name = InfoPlist.strings;
			sourceTree = "<group>";
		};
		149E8A02150A45AB00AB1E10 /* MainStoryboard_iPhone.storyboard */ = {
			isa = PBXVariantGroup;
			children = (
				149E8A03150A45AB00AB1E10 /* en */,
			);
			name = MainStoryboard_iPhone.storyboard;
			sourceTree = "<group>";
		};
		149E8A05150A45AB00AB1E10 /* MainStoryboard_iPad.storyboard */ = {
			isa = PBXVariantGroup;
			children = (
				149E8A06150A45AB00AB1E10 /* en */,
			);
			name = MainStoryboard_iPad.storyboard;
			sourceTree = "<group>";
		};
/* End PBXVariantGroup section */

/* Begin XCBuildConfiguration section */
		149E8A0B150A45AB00AB1E10 /* Debug */ = {
			isa = XCBuildConfiguration;
			buildSettings = {
				ALWAYS_SEARCH_USER_PATHS = NO;
				ARCHS = "$(ARCHS_STANDARD_32_BIT)";
				CLANG_ENABLE_OBJC_ARC = YES;
				"CODE_SIGN_IDENTITY[sdk=iphoneos*]" = "iPhone Developer";
				COPY_PHASE_STRIP = NO;
				GCC_C_LANGUAGE_STANDARD = gnu99;
				GCC_DYNAMIC_NO_PIC = NO;
				GCC_OPTIMIZATION_LEVEL = 0;
				GCC_PREPROCESSOR_DEFINITIONS = (
					"DEBUG=1",
					"$(inherited)",
				);
				GCC_SYMBOLS_PRIVATE_EXTERN = NO;
				GCC_VERSION = com.apple.compilers.llvm.clang.1_0;
				GCC_WARN_ABOUT_RETURN_TYPE = YES;
				GCC_WARN_UNINITIALIZED_AUTOS = YES;
				GCC_WARN_UNUSED_VARIABLE = YES;
				IPHONEOS_DEPLOYMENT_TARGET = 5.1;
				SDKROOT = iphoneos;
				TARGETED_DEVICE_FAMILY = "1,2";
			};
			name = Debug;
		};
		149E8A0C150A45AB00AB1E10 /* Release */ = {
			isa = XCBuildConfiguration;
			buildSettings = {
				ALWAYS_SEARCH_USER_PATHS = NO;
				ARCHS = "$(ARCHS_STANDARD_32_BIT)";
				CLANG_ENABLE_OBJC_ARC = YES;
				"CODE_SIGN_IDENTITY[sdk=iphoneos*]" = "iPhone Developer";
				COPY_PHASE_STRIP = YES;
				GCC_C_LANGUAGE_STANDARD = gnu99;
				GCC_VERSION = com.apple.compilers.llvm.clang.1_0;
				GCC_WARN_ABOUT_RETURN_TYPE = YES;
				GCC_WARN_UNINITIALIZED_AUTOS = YES;
				GCC_WARN_UNUSED_VARIABLE = YES;
				IPHONEOS_DEPLOYMENT_TARGET = 5.1;
				OTHER_CFLAGS = "-DNS_BLOCK_ASSERTIONS=1";
				SDKROOT = iphoneos;
				TARGETED_DEVICE_FAMILY = "1,2";
				VALIDATE_PRODUCT = YES;
			};
			name = Release;
		};
		149E8A0E150A45AB00AB1E10 /* Debug */ = {
			isa = XCBuildConfiguration;
			buildSettings = {
				GCC_PRECOMPILE_PREFIX_HEADER = YES;
				GCC_PREFIX_HEADER = "VoiceNavigation/VoiceNavigation-Prefix.pch";
				INFOPLIST_FILE = "VoiceNavigation/VoiceNavigation-Info.plist";
				PRODUCT_NAME = "$(TARGET_NAME)";
				WRAPPER_EXTENSION = app;
			};
			name = Debug;
		};
		149E8A0F150A45AB00AB1E10 /* Release */ = {
			isa = XCBuildConfiguration;
			buildSettings = {
				GCC_PRECOMPILE_PREFIX_HEADER = YES;
				GCC_PREFIX_HEADER = "VoiceNavigation/VoiceNavigation-Prefix.pch";
				INFOPLIST_FILE = "VoiceNavigation/VoiceNavigation-Info.plist";
				PRODUCT_NAME = "$(TARGET_NAME)";
				WRAPPER_EXTENSION = app;
			};
			name = Release;
		};
/* End XCBuildConfiguration section */

/* Begin XCConfigurationList section */
		149E89E6150A45A900AB1E10 /* Build configuration list for PBXProject "VoiceNavigation" */ = {
			isa = XCConfigurationList;
			buildConfigurations = (
				149E8A0B150A45AB00AB1E10 /* Debug */,
				149E8A0C150A45AB00AB1E10 /* Release */,
			);
			defaultConfigurationIsVisible = 0;
			defaultConfigurationName = Release;
		};
		149E8A0D150A45AB00AB1E10 /* Build configuration list for PBXNativeTarget "VoiceNavigation" */ = {
			isa = XCConfigurationList;
			buildConfigurations = (
				149E8A0E150A45AB00AB1E10 /* Debug */,
				149E8A0F150A45AB00AB1E10 /* Release */,
			);
			defaultConfigurationIsVisible = 0;
		};
/* End XCConfigurationList section */
	};
	rootObject = 149E89E3150A45A900AB1E10 /* Project object */;
}
